{
  "requires": true,
  "lockfileVersion": 1,
  "dependencies": {
    "leaflet-draw-with-touch": {
      "version": "0.2.3",
      "resolved": "https://registry.npmjs.org/leaflet-draw-with-touch/-/leaflet-draw-with-touch-0.2.3.tgz",
      "integrity": "sha1-d9XjygfGiw8UQ2NcBD72cMuaDFA="
    }
  }
}
